// !$*UTF8*$!
{
	archiveVersion = 1;
	classes = {
	};
	objectVersion = 55;
	objects = {

/* Begin PBXBuildFile section */
		A5B046BA2A9BF068004F6386 /* AppDelegate.swift in Sources */ = {isa = PBXBuildFile; fileRef = A5B046B92A9BF068004F6386 /* AppDelegate.swift */; };
		A5B046BC2A9BF068004F6386 /* SceneDelegate.swift in Sources */ = {isa = PBXBuildFile; fileRef = A5B046BB2A9BF068004F6386 /* SceneDelegate.swift */; };
		A5B046C32A9BF069004F6386 /* Assets.xcassets in Resources */ = {isa = PBXBuildFile; fileRef = A5B046C22A9BF069004F6386 /* Assets.xcassets */; };
		A5B046C62A9BF069004F6386 /* LaunchScreen.storyboard in Resources */ = {isa = PBXBuildFile; fileRef = A5B046C42A9BF069004F6386 /* LaunchScreen.storyboard */; };
		A5B046D62A9BF3D5004F6386 /* StartScreenController.swift in Sources */ = {isa = PBXBuildFile; fileRef = A5B046D52A9BF3D5004F6386 /* StartScreenController.swift */; };
		A5B046D82A9BF400004F6386 /* CustomTabBar.swift in Sources */ = {isa = PBXBuildFile; fileRef = A5B046D72A9BF400004F6386 /* CustomTabBar.swift */; };
		A5B046DB2A9BF440004F6386 /* SnapKit in Frameworks */ = {isa = PBXBuildFile; productRef = A5B046DA2A9BF440004F6386 /* SnapKit */; };
		A5B046E62A9BF7B1004F6386 /* ProfileViewController.swift in Sources */ = {isa = PBXBuildFile; fileRef = A5B046E52A9BF7B1004F6386 /* ProfileViewController.swift */; };
		A5B046E82A9BF7FE004F6386 /* NotificationViewController.swift in Sources */ = {isa = PBXBuildFile; fileRef = A5B046E72A9BF7FE004F6386 /* NotificationViewController.swift */; };
		A5B046EA2A9BF84F004F6386 /* FavoritesViewController.swift in Sources */ = {isa = PBXBuildFile; fileRef = A5B046E92A9BF84F004F6386 /* FavoritesViewController.swift */; };
		EB4E93D22AA469E100C0E556 /* MainModel.swift in Sources */ = {isa = PBXBuildFile; fileRef = EB4E93D12AA469E100C0E556 /* MainModel.swift */; };
		EB538A772A9C571100B62658 /* Endpoint.swift in Sources */ = {isa = PBXBuildFile; fileRef = EB538A762A9C571100B62658 /* Endpoint.swift */; };
		EB538A792A9C575700B62658 /* HTTPMethod.swift in Sources */ = {isa = PBXBuildFile; fileRef = EB538A782A9C575700B62658 /* HTTPMethod.swift */; };
		EB538A7D2A9C578500B62658 /* RequestError.swift in Sources */ = {isa = PBXBuildFile; fileRef = EB538A7C2A9C578500B62658 /* RequestError.swift */; };
		EB538A802A9C581B00B62658 /* Endpoints.swift in Sources */ = {isa = PBXBuildFile; fileRef = EB538A7F2A9C581B00B62658 /* Endpoints.swift */; };
		EB538A842A9C5EBF00B62658 /* NetworkManager.swift in Sources */ = {isa = PBXBuildFile; fileRef = EB538A832A9C5EBF00B62658 /* NetworkManager.swift */; };
		EB538A872A9C5ED300B62658 /* HTTPClient.swift in Sources */ = {isa = PBXBuildFile; fileRef = EB538A862A9C5ED300B62658 /* HTTPClient.swift */; };
		EB538A8A2A9C605A00B62658 /* Servisable.swift in Sources */ = {isa = PBXBuildFile; fileRef = EB538A892A9C605A00B62658 /* Servisable.swift */; };
		EB538A8D2A9C60B300B62658 /* Services.swift in Sources */ = {isa = PBXBuildFile; fileRef = EB538A8C2A9C60B300B62658 /* Services.swift */; };
		EB538A902A9C6B3D00B62658 /* RecipeModel.swift in Sources */ = {isa = PBXBuildFile; fileRef = EB538A8F2A9C6B3D00B62658 /* RecipeModel.swift */; };
		EB538A932A9C97AA00B62658 /* TrendingCell.swift in Sources */ = {isa = PBXBuildFile; fileRef = EB538A922A9C97AA00B62658 /* TrendingCell.swift */; };
		EB6E47B62A9CDC8F008AC86B /* Section.swift in Sources */ = {isa = PBXBuildFile; fileRef = EB6E47B52A9CDC8F008AC86B /* Section.swift */; };
		EBA4E7622AAADEEC00B18BB8 /* Extension in Resources */ = {isa = PBXBuildFile; fileRef = EBA4E7612AAADEEC00B18BB8 /* Extension */; };
		EBC0157D2AA1C3AD0006E7A5 /* RecentHeader.swift in Sources */ = {isa = PBXBuildFile; fileRef = EBC0157C2AA1C3AD0006E7A5 /* RecentHeader.swift */; };
		EBC0157F2AA1C5B70006E7A5 /* RecentCell.swift in Sources */ = {isa = PBXBuildFile; fileRef = EBC0157E2AA1C5B70006E7A5 /* RecentCell.swift */; };
		EBC015822AA1D0850006E7A5 /* HeaderCreators.swift in Sources */ = {isa = PBXBuildFile; fileRef = EBC015812AA1D0850006E7A5 /* HeaderCreators.swift */; };
		EBC015842AA1D08E0006E7A5 /* CreatorsCell.swift in Sources */ = {isa = PBXBuildFile; fileRef = EBC015832AA1D08E0006E7A5 /* CreatorsCell.swift */; };
		EBC9AF912A9F005300488318 /* TrendingHeader.swift in Sources */ = {isa = PBXBuildFile; fileRef = EBC9AF902A9F005300488318 /* TrendingHeader.swift */; };
		EBD517BD2AA04B8E002A2C75 /* PopularHeader.swift in Sources */ = {isa = PBXBuildFile; fileRef = EBD517BC2AA04B8E002A2C75 /* PopularHeader.swift */; };
		EBD517BF2AA05086002A2C75 /* PopularCell.swift in Sources */ = {isa = PBXBuildFile; fileRef = EBD517BE2AA05086002A2C75 /* PopularCell.swift */; };
		EBD517C12AA05F97002A2C75 /* CategoryRecipe.swift in Sources */ = {isa = PBXBuildFile; fileRef = EBD517C02AA05F97002A2C75 /* CategoryRecipe.swift */; };
		EBD517C32AA06254002A2C75 /* CategoryModel.swift in Sources */ = {isa = PBXBuildFile; fileRef = EBD517C22AA06254002A2C75 /* CategoryModel.swift */; };
		EBD517C52AA06A02002A2C75 /* Item.swift in Sources */ = {isa = PBXBuildFile; fileRef = EBD517C42AA06A02002A2C75 /* Item.swift */; };
		EBD517C72AA07E44002A2C75 /* CategoryCell.swift in Sources */ = {isa = PBXBuildFile; fileRef = EBD517C62AA07E44002A2C75 /* CategoryCell.swift */; };
/* End PBXBuildFile section */

/* Begin PBXFileReference section */
		A5B046B62A9BF068004F6386 /* CookingBook.app */ = {isa = PBXFileReference; explicitFileType = wrapper.application; includeInIndex = 0; path = CookingBook.app; sourceTree = BUILT_PRODUCTS_DIR; };
		A5B046B92A9BF068004F6386 /* AppDelegate.swift */ = {isa = PBXFileReference; lastKnownFileType = sourcecode.swift; path = AppDelegate.swift; sourceTree = "<group>"; };
		A5B046BB2A9BF068004F6386 /* SceneDelegate.swift */ = {isa = PBXFileReference; lastKnownFileType = sourcecode.swift; path = SceneDelegate.swift; sourceTree = "<group>"; };
		A5B046C22A9BF069004F6386 /* Assets.xcassets */ = {isa = PBXFileReference; lastKnownFileType = folder.assetcatalog; path = Assets.xcassets; sourceTree = "<group>"; };
		A5B046C52A9BF069004F6386 /* Base */ = {isa = PBXFileReference; lastKnownFileType = file.storyboard; name = Base; path = Base.lproj/LaunchScreen.storyboard; sourceTree = "<group>"; };
		A5B046C72A9BF069004F6386 /* Info.plist */ = {isa = PBXFileReference; lastKnownFileType = text.plist.xml; path = Info.plist; sourceTree = "<group>"; };
		A5B046D52A9BF3D5004F6386 /* StartScreenController.swift */ = {isa = PBXFileReference; lastKnownFileType = sourcecode.swift; path = StartScreenController.swift; sourceTree = "<group>"; };
		A5B046D72A9BF400004F6386 /* CustomTabBar.swift */ = {isa = PBXFileReference; lastKnownFileType = sourcecode.swift; path = CustomTabBar.swift; sourceTree = "<group>"; };
		A5B046E52A9BF7B1004F6386 /* ProfileViewController.swift */ = {isa = PBXFileReference; lastKnownFileType = sourcecode.swift; path = ProfileViewController.swift; sourceTree = "<group>"; };
		A5B046E72A9BF7FE004F6386 /* NotificationViewController.swift */ = {isa = PBXFileReference; lastKnownFileType = sourcecode.swift; path = NotificationViewController.swift; sourceTree = "<group>"; };
		A5B046E92A9BF84F004F6386 /* FavoritesViewController.swift */ = {isa = PBXFileReference; lastKnownFileType = sourcecode.swift; path = FavoritesViewController.swift; sourceTree = "<group>"; };
		EB4E93D12AA469E100C0E556 /* MainModel.swift */ = {isa = PBXFileReference; lastKnownFileType = sourcecode.swift; path = MainModel.swift; sourceTree = "<group>"; };
		EB538A762A9C571100B62658 /* Endpoint.swift */ = {isa = PBXFileReference; lastKnownFileType = sourcecode.swift; path = Endpoint.swift; sourceTree = "<group>"; };
		EB538A782A9C575700B62658 /* HTTPMethod.swift */ = {isa = PBXFileReference; lastKnownFileType = sourcecode.swift; path = HTTPMethod.swift; sourceTree = "<group>"; };
		EB538A7C2A9C578500B62658 /* RequestError.swift */ = {isa = PBXFileReference; lastKnownFileType = sourcecode.swift; path = RequestError.swift; sourceTree = "<group>"; };
		EB538A7F2A9C581B00B62658 /* Endpoints.swift */ = {isa = PBXFileReference; lastKnownFileType = sourcecode.swift; path = Endpoints.swift; sourceTree = "<group>"; };
		EB538A832A9C5EBF00B62658 /* NetworkManager.swift */ = {isa = PBXFileReference; lastKnownFileType = sourcecode.swift; path = NetworkManager.swift; sourceTree = "<group>"; };
		EB538A862A9C5ED300B62658 /* HTTPClient.swift */ = {isa = PBXFileReference; lastKnownFileType = sourcecode.swift; path = HTTPClient.swift; sourceTree = "<group>"; };
		EB538A892A9C605A00B62658 /* Servisable.swift */ = {isa = PBXFileReference; lastKnownFileType = sourcecode.swift; path = Servisable.swift; sourceTree = "<group>"; };
		EB538A8C2A9C60B300B62658 /* Services.swift */ = {isa = PBXFileReference; lastKnownFileType = sourcecode.swift; path = Services.swift; sourceTree = "<group>"; };
		EB538A8F2A9C6B3D00B62658 /* RecipeModel.swift */ = {isa = PBXFileReference; lastKnownFileType = sourcecode.swift; path = RecipeModel.swift; sourceTree = "<group>"; };
		EB538A922A9C97AA00B62658 /* TrendingCell.swift */ = {isa = PBXFileReference; lastKnownFileType = sourcecode.swift; path = TrendingCell.swift; sourceTree = "<group>"; };
		EB6E47B52A9CDC8F008AC86B /* Section.swift */ = {isa = PBXFileReference; lastKnownFileType = sourcecode.swift; path = Section.swift; sourceTree = "<group>"; };
		EBA4E7612AAADEEC00B18BB8 /* Extension */ = {isa = PBXFileReference; fileEncoding = 4; lastKnownFileType = text; path = Extension; sourceTree = SOURCE_ROOT; };
		EBC0157C2AA1C3AD0006E7A5 /* RecentHeader.swift */ = {isa = PBXFileReference; lastKnownFileType = sourcecode.swift; path = RecentHeader.swift; sourceTree = "<group>"; };
		EBC0157E2AA1C5B70006E7A5 /* RecentCell.swift */ = {isa = PBXFileReference; lastKnownFileType = sourcecode.swift; path = RecentCell.swift; sourceTree = "<group>"; };
		EBC015812AA1D0850006E7A5 /* HeaderCreators.swift */ = {isa = PBXFileReference; lastKnownFileType = sourcecode.swift; path = HeaderCreators.swift; sourceTree = "<group>"; };
		EBC015832AA1D08E0006E7A5 /* CreatorsCell.swift */ = {isa = PBXFileReference; lastKnownFileType = sourcecode.swift; path = CreatorsCell.swift; sourceTree = "<group>"; };
		EBC9AF902A9F005300488318 /* TrendingHeader.swift */ = {isa = PBXFileReference; lastKnownFileType = sourcecode.swift; path = TrendingHeader.swift; sourceTree = "<group>"; };
		EBD517BC2AA04B8E002A2C75 /* PopularHeader.swift */ = {isa = PBXFileReference; lastKnownFileType = sourcecode.swift; path = PopularHeader.swift; sourceTree = "<group>"; };
		EBD517BE2AA05086002A2C75 /* PopularCell.swift */ = {isa = PBXFileReference; lastKnownFileType = sourcecode.swift; path = PopularCell.swift; sourceTree = "<group>"; };
		EBD517C02AA05F97002A2C75 /* CategoryRecipe.swift */ = {isa = PBXFileReference; lastKnownFileType = sourcecode.swift; path = CategoryRecipe.swift; sourceTree = "<group>"; };
		EBD517C22AA06254002A2C75 /* CategoryModel.swift */ = {isa = PBXFileReference; lastKnownFileType = sourcecode.swift; path = CategoryModel.swift; sourceTree = "<group>"; };
		EBD517C42AA06A02002A2C75 /* Item.swift */ = {isa = PBXFileReference; lastKnownFileType = sourcecode.swift; path = Item.swift; sourceTree = "<group>"; };
		EBD517C62AA07E44002A2C75 /* CategoryCell.swift */ = {isa = PBXFileReference; lastKnownFileType = sourcecode.swift; path = CategoryCell.swift; sourceTree = "<group>"; };
/* End PBXFileReference section */

/* Begin PBXFrameworksBuildPhase section */
		A5B046B32A9BF068004F6386 /* Frameworks */ = {
			isa = PBXFrameworksBuildPhase;
			buildActionMask = 2147483647;
			files = (
				A5B046DB2A9BF440004F6386 /* SnapKit in Frameworks */,
			);
			runOnlyForDeploymentPostprocessing = 0;
		};
/* End PBXFrameworksBuildPhase section */

/* Begin PBXGroup section */
		A5B046AD2A9BF068004F6386 = {
			isa = PBXGroup;
			children = (
				A5B046B82A9BF068004F6386 /* CookingBook */,
				A5B046B72A9BF068004F6386 /* Products */,
			);
			sourceTree = "<group>";
		};
		A5B046B72A9BF068004F6386 /* Products */ = {
			isa = PBXGroup;
			children = (
				A5B046B62A9BF068004F6386 /* CookingBook.app */,
			);
			name = Products;
			sourceTree = "<group>";
		};
		A5B046B82A9BF068004F6386 /* CookingBook */ = {
			isa = PBXGroup;
			children = (
				EBA4E7612AAADEEC00B18BB8 /* Extension */,
				A5B046CD2A9BF2DF004F6386 /* App */,
				A5B046CE2A9BF308004F6386 /* Resources */,
				A5B046D02A9BF33F004F6386 /* Controllers */,
				EB538A752A9C56C300B62658 /* NetworkService */,
			);
			path = CookingBook;
			sourceTree = "<group>";
		};
		A5B046CD2A9BF2DF004F6386 /* App */ = {
			isa = PBXGroup;
			children = (
				A5B046B92A9BF068004F6386 /* AppDelegate.swift */,
				A5B046BB2A9BF068004F6386 /* SceneDelegate.swift */,
			);
			path = App;
			sourceTree = "<group>";
		};
		A5B046CE2A9BF308004F6386 /* Resources */ = {
			isa = PBXGroup;
			children = (
				A5B046C72A9BF069004F6386 /* Info.plist */,
				A5B046C42A9BF069004F6386 /* LaunchScreen.storyboard */,
				A5B046C22A9BF069004F6386 /* Assets.xcassets */,
			);
			path = Resources;
			sourceTree = "<group>";
		};
		A5B046CF2A9BF32B004F6386 /* StartScreen */ = {
			isa = PBXGroup;
			children = (
				EB6E47B42A9CD5C5008AC86B /* Model */,
				A5B046D22A9BF384004F6386 /* Controller */,
			);
			path = StartScreen;
			sourceTree = "<group>";
		};
		A5B046D02A9BF33F004F6386 /* Controllers */ = {
			isa = PBXGroup;
			children = (
				A5B046E22A9BF780004F6386 /* Profile */,
				A5B046DF2A9BF75A004F6386 /* Notifications */,
				A5B046DC2A9BF656004F6386 /* Favorites */,
				A5B046D42A9BF3AB004F6386 /* CustomTabBarController */,
				A5B046CF2A9BF32B004F6386 /* StartScreen */,
			);
			path = Controllers;
			sourceTree = "<group>";
		};
		A5B046D22A9BF384004F6386 /* Controller */ = {
			isa = PBXGroup;
			children = (
				A5B046D52A9BF3D5004F6386 /* StartScreenController.swift */,
				EB538A912A9C979600B62658 /* Cells */,
			);
			path = Controller;
			sourceTree = "<group>";
		};
		A5B046D42A9BF3AB004F6386 /* CustomTabBarController */ = {
			isa = PBXGroup;
			children = (
				A5B046D72A9BF400004F6386 /* CustomTabBar.swift */,
			);
			path = CustomTabBarController;
			sourceTree = "<group>";
		};
		A5B046DC2A9BF656004F6386 /* Favorites */ = {
			isa = PBXGroup;
			children = (
				A5B046DE2A9BF6C8004F6386 /* View */,
				A5B046DD2A9BF6BF004F6386 /* Controller */,
			);
			path = Favorites;
			sourceTree = "<group>";
		};
		A5B046DD2A9BF6BF004F6386 /* Controller */ = {
			isa = PBXGroup;
			children = (
				A5B046E92A9BF84F004F6386 /* FavoritesViewController.swift */,
			);
			path = Controller;
			sourceTree = "<group>";
		};
		A5B046DE2A9BF6C8004F6386 /* View */ = {
			isa = PBXGroup;
			children = (
			);
			path = View;
			sourceTree = "<group>";
		};
		A5B046DF2A9BF75A004F6386 /* Notifications */ = {
			isa = PBXGroup;
			children = (
				A5B046E12A9BF777004F6386 /* View */,
				A5B046E02A9BF76B004F6386 /* Controller */,
			);
			path = Notifications;
			sourceTree = "<group>";
		};
		A5B046E02A9BF76B004F6386 /* Controller */ = {
			isa = PBXGroup;
			children = (
				A5B046E72A9BF7FE004F6386 /* NotificationViewController.swift */,
			);
			path = Controller;
			sourceTree = "<group>";
		};
		A5B046E12A9BF777004F6386 /* View */ = {
			isa = PBXGroup;
			children = (
			);
			path = View;
			sourceTree = "<group>";
		};
		A5B046E22A9BF780004F6386 /* Profile */ = {
			isa = PBXGroup;
			children = (
				A5B046E42A9BF796004F6386 /* View */,
				A5B046E32A9BF78E004F6386 /* Controller */,
			);
			path = Profile;
			sourceTree = "<group>";
		};
		A5B046E32A9BF78E004F6386 /* Controller */ = {
			isa = PBXGroup;
			children = (
				A5B046E52A9BF7B1004F6386 /* ProfileViewController.swift */,
			);
			path = Controller;
			sourceTree = "<group>";
		};
		A5B046E42A9BF796004F6386 /* View */ = {
			isa = PBXGroup;
			children = (
			);
			path = View;
			sourceTree = "<group>";
		};
		EB1A2BC52A9F7E60004703B1 /* TrendingCell */ = {
			isa = PBXGroup;
			children = (
				EB538A922A9C97AA00B62658 /* TrendingCell.swift */,
				EBC9AF902A9F005300488318 /* TrendingHeader.swift */,
			);
			path = TrendingCell;
			sourceTree = "<group>";
		};
		EB1A2BC62A9F7FB4004703B1 /* PopularCell */ = {
			isa = PBXGroup;
			children = (
				EBD517C62AA07E44002A2C75 /* CategoryCell.swift */,
				EBD517BC2AA04B8E002A2C75 /* PopularHeader.swift */,
				EBD517BE2AA05086002A2C75 /* PopularCell.swift */,
			);
			path = PopularCell;
			sourceTree = "<group>";
		};
		EB538A752A9C56C300B62658 /* NetworkService */ = {
			isa = PBXGroup;
			children = (
				EB538A8E2A9C630000B62658 /* Model */,
				EB538A7E2A9C57C400B62658 /* Base */,
				EB538A812A9C582D00B62658 /* Endpoints */,
				EB538A882A9C605300B62658 /* Servisable */,
				EB538A8B2A9C60AD00B62658 /* Services */,
				EB538A822A9C5EBC00B62658 /* NetworkManager */,
			);
			path = NetworkService;
			sourceTree = "<group>";
		};
		EB538A7E2A9C57C400B62658 /* Base */ = {
			isa = PBXGroup;
			children = (
				EB538A762A9C571100B62658 /* Endpoint.swift */,
				EB538A782A9C575700B62658 /* HTTPMethod.swift */,
				EB538A7C2A9C578500B62658 /* RequestError.swift */,
				EB538A862A9C5ED300B62658 /* HTTPClient.swift */,
			);
			path = Base;
			sourceTree = "<group>";
		};
		EB538A812A9C582D00B62658 /* Endpoints */ = {
			isa = PBXGroup;
			children = (
				EB538A7F2A9C581B00B62658 /* Endpoints.swift */,
			);
			name = Endpoints;
			sourceTree = "<group>";
		};
		EB538A822A9C5EBC00B62658 /* NetworkManager */ = {
			isa = PBXGroup;
			children = (
				EB538A832A9C5EBF00B62658 /* NetworkManager.swift */,
			);
			path = NetworkManager;
			sourceTree = "<group>";
		};
		EB538A882A9C605300B62658 /* Servisable */ = {
			isa = PBXGroup;
			children = (
				EB538A892A9C605A00B62658 /* Servisable.swift */,
			);
			path = Servisable;
			sourceTree = "<group>";
		};
		EB538A8B2A9C60AD00B62658 /* Services */ = {
			isa = PBXGroup;
			children = (
				EB538A8C2A9C60B300B62658 /* Services.swift */,
			);
			path = Services;
			sourceTree = "<group>";
		};
		EB538A8E2A9C630000B62658 /* Model */ = {
			isa = PBXGroup;
			children = (
				EB4E93D12AA469E100C0E556 /* MainModel.swift */,
				EB538A8F2A9C6B3D00B62658 /* RecipeModel.swift */,
				EBD517C02AA05F97002A2C75 /* CategoryRecipe.swift */,
				EBD517C22AA06254002A2C75 /* CategoryModel.swift */,
			);
			path = Model;
			sourceTree = "<group>";
		};
		EB538A912A9C979600B62658 /* Cells */ = {
			isa = PBXGroup;
			children = (
				EB1A2BC52A9F7E60004703B1 /* TrendingCell */,
				EB1A2BC62A9F7FB4004703B1 /* PopularCell */,
				EBC0157B2AA1C3790006E7A5 /* RecentCell */,
				EBC015802AA1D0540006E7A5 /* Creators */,
			);
			path = Cells;
			sourceTree = "<group>";
		};
		EB6E47B42A9CD5C5008AC86B /* Model */ = {
			isa = PBXGroup;
			children = (
				EB6E47B52A9CDC8F008AC86B /* Section.swift */,
				EBD517C42AA06A02002A2C75 /* Item.swift */,
			);
			path = Model;
			sourceTree = "<group>";
		};
		EBC0157B2AA1C3790006E7A5 /* RecentCell */ = {
			isa = PBXGroup;
			children = (
				EBC0157C2AA1C3AD0006E7A5 /* RecentHeader.swift */,
				EBC0157E2AA1C5B70006E7A5 /* RecentCell.swift */,
			);
			path = RecentCell;
			sourceTree = "<group>";
		};
		EBC015802AA1D0540006E7A5 /* Creators */ = {
			isa = PBXGroup;
			children = (
				EBC015812AA1D0850006E7A5 /* HeaderCreators.swift */,
				EBC015832AA1D08E0006E7A5 /* CreatorsCell.swift */,
			);
			path = Creators;
			sourceTree = "<group>";
		};
/* End PBXGroup section */

/* Begin PBXNativeTarget section */
		A5B046B52A9BF068004F6386 /* CookingBook */ = {
			isa = PBXNativeTarget;
			buildConfigurationList = A5B046CA2A9BF069004F6386 /* Build configuration list for PBXNativeTarget "CookingBook" */;
			buildPhases = (
				A5B046B22A9BF068004F6386 /* Sources */,
				A5B046B32A9BF068004F6386 /* Frameworks */,
				A5B046B42A9BF068004F6386 /* Resources */,
			);
			buildRules = (
			);
			dependencies = (
			);
			name = CookingBook;
			packageProductDependencies = (
				A5B046DA2A9BF440004F6386 /* SnapKit */,
			);
			productName = CookingBook;
			productReference = A5B046B62A9BF068004F6386 /* CookingBook.app */;
			productType = "com.apple.product-type.application";
		};
/* End PBXNativeTarget section */

/* Begin PBXProject section */
		A5B046AE2A9BF068004F6386 /* Project object */ = {
			isa = PBXProject;
			attributes = {
				BuildIndependentTargetsInParallel = 1;
				LastSwiftUpdateCheck = 1430;
				LastUpgradeCheck = 1430;
				TargetAttributes = {
					A5B046B52A9BF068004F6386 = {
						CreatedOnToolsVersion = 14.3.1;
					};
				};
			};
			buildConfigurationList = A5B046B12A9BF068004F6386 /* Build configuration list for PBXProject "CookingBook" */;
			compatibilityVersion = "Xcode 13.0";
			developmentRegion = en;
			hasScannedForEncodings = 0;
			knownRegions = (
				en,
				Base,
			);
			mainGroup = A5B046AD2A9BF068004F6386;
			packageReferences = (
				A5B046D92A9BF440004F6386 /* XCRemoteSwiftPackageReference "SnapKit" */,
			);
			productRefGroup = A5B046B72A9BF068004F6386 /* Products */;
			projectDirPath = "";
			projectRoot = "";
			targets = (
				A5B046B52A9BF068004F6386 /* CookingBook */,
			);
		};
/* End PBXProject section */

/* Begin PBXResourcesBuildPhase section */
		A5B046B42A9BF068004F6386 /* Resources */ = {
			isa = PBXResourcesBuildPhase;
			buildActionMask = 2147483647;
			files = (
				A5B046C62A9BF069004F6386 /* LaunchScreen.storyboard in Resources */,
				A5B046C32A9BF069004F6386 /* Assets.xcassets in Resources */,
				EBA4E7622AAADEEC00B18BB8 /* Extension in Resources */,
			);
			runOnlyForDeploymentPostprocessing = 0;
		};
/* End PBXResourcesBuildPhase section */

/* Begin PBXSourcesBuildPhase section */
		A5B046B22A9BF068004F6386 /* Sources */ = {
			isa = PBXSourcesBuildPhase;
			buildActionMask = 2147483647;
			files = (
				EBC0157D2AA1C3AD0006E7A5 /* RecentHeader.swift in Sources */,
				EB538A842A9C5EBF00B62658 /* NetworkManager.swift in Sources */,
				A5B046BA2A9BF068004F6386 /* AppDelegate.swift in Sources */,
				EB538A872A9C5ED300B62658 /* HTTPClient.swift in Sources */,
				EBD517BF2AA05086002A2C75 /* PopularCell.swift in Sources */,
				EBC015822AA1D0850006E7A5 /* HeaderCreators.swift in Sources */,
				A5B046D62A9BF3D5004F6386 /* StartScreenController.swift in Sources */,
				EBD517C52AA06A02002A2C75 /* Item.swift in Sources */,
				EB4E93D22AA469E100C0E556 /* MainModel.swift in Sources */,
				EB538A772A9C571100B62658 /* Endpoint.swift in Sources */,
				EBD517C12AA05F97002A2C75 /* CategoryRecipe.swift in Sources */,
				EB538A902A9C6B3D00B62658 /* RecipeModel.swift in Sources */,
				A5B046EA2A9BF84F004F6386 /* FavoritesViewController.swift in Sources */,
				A5B046E82A9BF7FE004F6386 /* NotificationViewController.swift in Sources */,
				EBC0157F2AA1C5B70006E7A5 /* RecentCell.swift in Sources */,
				EB538A792A9C575700B62658 /* HTTPMethod.swift in Sources */,
				EBD517C72AA07E44002A2C75 /* CategoryCell.swift in Sources */,
				EB6E47B62A9CDC8F008AC86B /* Section.swift in Sources */,
				EBD517C32AA06254002A2C75 /* CategoryModel.swift in Sources */,
				EB538A7D2A9C578500B62658 /* RequestError.swift in Sources */,
				A5B046E62A9BF7B1004F6386 /* ProfileViewController.swift in Sources */,
				EB538A8D2A9C60B300B62658 /* Services.swift in Sources */,
				A5B046D82A9BF400004F6386 /* CustomTabBar.swift in Sources */,
				EBC9AF912A9F005300488318 /* TrendingHeader.swift in Sources */,
				EBC015842AA1D08E0006E7A5 /* CreatorsCell.swift in Sources */,
				EB538A8A2A9C605A00B62658 /* Servisable.swift in Sources */,
				A5B046BC2A9BF068004F6386 /* SceneDelegate.swift in Sources */,
				EB538A932A9C97AA00B62658 /* TrendingCell.swift in Sources */,
				EB538A802A9C581B00B62658 /* Endpoints.swift in Sources */,
				EBD517BD2AA04B8E002A2C75 /* PopularHeader.swift in Sources */,
			);
			runOnlyForDeploymentPostprocessing = 0;
		};
/* End PBXSourcesBuildPhase section */

/* Begin PBXVariantGroup section */
		A5B046C42A9BF069004F6386 /* LaunchScreen.storyboard */ = {
			isa = PBXVariantGroup;
			children = (
				A5B046C52A9BF069004F6386 /* Base */,
			);
			name = LaunchScreen.storyboard;
			sourceTree = "<group>";
		};
/* End PBXVariantGroup section */

/* Begin XCBuildConfiguration section */
		A5B046C82A9BF069004F6386 /* Debug */ = {
			isa = XCBuildConfiguration;
			buildSettings = {
				ALWAYS_SEARCH_USER_PATHS = NO;
				CLANG_ANALYZER_NONNULL = YES;
				CLANG_ANALYZER_NUMBER_OBJECT_CONVERSION = YES_AGGRESSIVE;
				CLANG_CXX_LANGUAGE_STANDARD = "gnu++20";
				CLANG_ENABLE_MODULES = YES;
				CLANG_ENABLE_OBJC_ARC = YES;
				CLANG_ENABLE_OBJC_WEAK = YES;
				CLANG_WARN_BLOCK_CAPTURE_AUTORELEASING = YES;
				CLANG_WARN_BOOL_CONVERSION = YES;
				CLANG_WARN_COMMA = YES;
				CLANG_WARN_CONSTANT_CONVERSION = YES;
				CLANG_WARN_DEPRECATED_OBJC_IMPLEMENTATIONS = YES;
				CLANG_WARN_DIRECT_OBJC_ISA_USAGE = YES_ERROR;
				CLANG_WARN_DOCUMENTATION_COMMENTS = YES;
				CLANG_WARN_EMPTY_BODY = YES;
				CLANG_WARN_ENUM_CONVERSION = YES;
				CLANG_WARN_INFINITE_RECURSION = YES;
				CLANG_WARN_INT_CONVERSION = YES;
				CLANG_WARN_NON_LITERAL_NULL_CONVERSION = YES;
				CLANG_WARN_OBJC_IMPLICIT_RETAIN_SELF = YES;
				CLANG_WARN_OBJC_LITERAL_CONVERSION = YES;
				CLANG_WARN_OBJC_ROOT_CLASS = YES_ERROR;
				CLANG_WARN_QUOTED_INCLUDE_IN_FRAMEWORK_HEADER = YES;
				CLANG_WARN_RANGE_LOOP_ANALYSIS = YES;
				CLANG_WARN_STRICT_PROTOTYPES = YES;
				CLANG_WARN_SUSPICIOUS_MOVE = YES;
				CLANG_WARN_UNGUARDED_AVAILABILITY = YES_AGGRESSIVE;
				CLANG_WARN_UNREACHABLE_CODE = YES;
				CLANG_WARN__DUPLICATE_METHOD_MATCH = YES;
				COPY_PHASE_STRIP = NO;
				DEBUG_INFORMATION_FORMAT = dwarf;
				ENABLE_STRICT_OBJC_MSGSEND = YES;
				ENABLE_TESTABILITY = YES;
				GCC_C_LANGUAGE_STANDARD = gnu11;
				GCC_DYNAMIC_NO_PIC = NO;
				GCC_NO_COMMON_BLOCKS = YES;
				GCC_OPTIMIZATION_LEVEL = 0;
				GCC_PREPROCESSOR_DEFINITIONS = (
					"DEBUG=1",
					"$(inherited)",
				);
				GCC_WARN_64_TO_32_BIT_CONVERSION = YES;
				GCC_WARN_ABOUT_RETURN_TYPE = YES_ERROR;
				GCC_WARN_UNDECLARED_SELECTOR = YES;
				GCC_WARN_UNINITIALIZED_AUTOS = YES_AGGRESSIVE;
				GCC_WARN_UNUSED_FUNCTION = YES;
				GCC_WARN_UNUSED_VARIABLE = YES;
				IPHONEOS_DEPLOYMENT_TARGET = 16.4;
				MTL_ENABLE_DEBUG_INFO = INCLUDE_SOURCE;
				MTL_FAST_MATH = YES;
				ONLY_ACTIVE_ARCH = YES;
				SDKROOT = iphoneos;
				SWIFT_ACTIVE_COMPILATION_CONDITIONS = DEBUG;
				SWIFT_OPTIMIZATION_LEVEL = "-Onone";
			};
			name = Debug;
		};
		A5B046C92A9BF069004F6386 /* Release */ = {
			isa = XCBuildConfiguration;
			buildSettings = {
				ALWAYS_SEARCH_USER_PATHS = NO;
				CLANG_ANALYZER_NONNULL = YES;
				CLANG_ANALYZER_NUMBER_OBJECT_CONVERSION = YES_AGGRESSIVE;
				CLANG_CXX_LANGUAGE_STANDARD = "gnu++20";
				CLANG_ENABLE_MODULES = YES;
				CLANG_ENABLE_OBJC_ARC = YES;
				CLANG_ENABLE_OBJC_WEAK = YES;
				CLANG_WARN_BLOCK_CAPTURE_AUTORELEASING = YES;
				CLANG_WARN_BOOL_CONVERSION = YES;
				CLANG_WARN_COMMA = YES;
				CLANG_WARN_CONSTANT_CONVERSION = YES;
				CLANG_WARN_DEPRECATED_OBJC_IMPLEMENTATIONS = YES;
				CLANG_WARN_DIRECT_OBJC_ISA_USAGE = YES_ERROR;
				CLANG_WARN_DOCUMENTATION_COMMENTS = YES;
				CLANG_WARN_EMPTY_BODY = YES;
				CLANG_WARN_ENUM_CONVERSION = YES;
				CLANG_WARN_INFINITE_RECURSION = YES;
				CLANG_WARN_INT_CONVERSION = YES;
				CLANG_WARN_NON_LITERAL_NULL_CONVERSION = YES;
				CLANG_WARN_OBJC_IMPLICIT_RETAIN_SELF = YES;
				CLANG_WARN_OBJC_LITERAL_CONVERSION = YES;
				CLANG_WARN_OBJC_ROOT_CLASS = YES_ERROR;
				CLANG_WARN_QUOTED_INCLUDE_IN_FRAMEWORK_HEADER = YES;
				CLANG_WARN_RANGE_LOOP_ANALYSIS = YES;
				CLANG_WARN_STRICT_PROTOTYPES = YES;
				CLANG_WARN_SUSPICIOUS_MOVE = YES;
				CLANG_WARN_UNGUARDED_AVAILABILITY = YES_AGGRESSIVE;
				CLANG_WARN_UNREACHABLE_CODE = YES;
				CLANG_WARN__DUPLICATE_METHOD_MATCH = YES;
				COPY_PHASE_STRIP = NO;
				DEBUG_INFORMATION_FORMAT = "dwarf-with-dsym";
				ENABLE_NS_ASSERTIONS = NO;
				ENABLE_STRICT_OBJC_MSGSEND = YES;
				GCC_C_LANGUAGE_STANDARD = gnu11;
				GCC_NO_COMMON_BLOCKS = YES;
				GCC_WARN_64_TO_32_BIT_CONVERSION = YES;
				GCC_WARN_ABOUT_RETURN_TYPE = YES_ERROR;
				GCC_WARN_UNDECLARED_SELECTOR = YES;
				GCC_WARN_UNINITIALIZED_AUTOS = YES_AGGRESSIVE;
				GCC_WARN_UNUSED_FUNCTION = YES;
				GCC_WARN_UNUSED_VARIABLE = YES;
				IPHONEOS_DEPLOYMENT_TARGET = 16.4;
				MTL_ENABLE_DEBUG_INFO = NO;
				MTL_FAST_MATH = YES;
				SDKROOT = iphoneos;
				SWIFT_COMPILATION_MODE = wholemodule;
				SWIFT_OPTIMIZATION_LEVEL = "-O";
				VALIDATE_PRODUCT = YES;
			};
			name = Release;
		};
		A5B046CB2A9BF069004F6386 /* Debug */ = {
			isa = XCBuildConfiguration;
			buildSettings = {
				ASSETCATALOG_COMPILER_APPICON_NAME = AppIcon;
				ASSETCATALOG_COMPILER_GLOBAL_ACCENT_COLOR_NAME = AccentColor;
				CODE_SIGN_STYLE = Automatic;
				CURRENT_PROJECT_VERSION = 1;
				DEVELOPMENT_TEAM = 9444ZC259H;
				GENERATE_INFOPLIST_FILE = YES;
				INFOPLIST_FILE = CookingBook/Resources/Info.plist;
				INFOPLIST_KEY_UIApplicationSupportsIndirectInputEvents = YES;
				INFOPLIST_KEY_UILaunchStoryboardName = LaunchScreen;
				INFOPLIST_KEY_UISupportedInterfaceOrientations = UIInterfaceOrientationPortrait;
				INFOPLIST_KEY_UISupportedInterfaceOrientations_iPad = "UIInterfaceOrientationLandscapeLeft UIInterfaceOrientationLandscapeRight UIInterfaceOrientationPortrait UIInterfaceOrientationPortraitUpsideDown";
				IPHONEOS_DEPLOYMENT_TARGET = 15.0;
				LD_RUNPATH_SEARCH_PATHS = (
					"$(inherited)",
					"@executable_path/Frameworks",
				);
				MARKETING_VERSION = 1.0;
				PRODUCT_BUNDLE_IDENTIFIER = "zvontsov-adadigital.ru.CookingBook";
				PRODUCT_NAME = "$(TARGET_NAME)";
				SUPPORTED_PLATFORMS = "iphoneos iphonesimulator";
				SUPPORTS_MACCATALYST = NO;
				SUPPORTS_MAC_DESIGNED_FOR_IPHONE_IPAD = NO;
				SWIFT_EMIT_LOC_STRINGS = YES;
				SWIFT_VERSION = 5.0;
				TARGETED_DEVICE_FAMILY = 1;
			};
			name = Debug;
		};
		A5B046CC2A9BF069004F6386 /* Release */ = {
			isa = XCBuildConfiguration;
			buildSettings = {
				ASSETCATALOG_COMPILER_APPICON_NAME = AppIcon;
				ASSETCATALOG_COMPILER_GLOBAL_ACCENT_COLOR_NAME = AccentColor;
				CODE_SIGN_STYLE = Automatic;
				CURRENT_PROJECT_VERSION = 1;
				DEVELOPMENT_TEAM = 9444ZC259H;
				GENERATE_INFOPLIST_FILE = YES;
				INFOPLIST_FILE = CookingBook/Resources/Info.plist;
				INFOPLIST_KEY_UIApplicationSupportsIndirectInputEvents = YES;
				INFOPLIST_KEY_UILaunchStoryboardName = LaunchScreen;
				INFOPLIST_KEY_UISupportedInterfaceOrientations = UIInterfaceOrientationPortrait;
				INFOPLIST_KEY_UISupportedInterfaceOrientations_iPad = "UIInterfaceOrientationLandscapeLeft UIInterfaceOrientationLandscapeRight UIInterfaceOrientationPortrait UIInterfaceOrientationPortraitUpsideDown";
				IPHONEOS_DEPLOYMENT_TARGET = 15.0;
				LD_RUNPATH_SEARCH_PATHS = (
					"$(inherited)",
					"@executable_path/Frameworks",
				);
				MARKETING_VERSION = 1.0;
				PRODUCT_BUNDLE_IDENTIFIER = "zvontsov-adadigital.ru.CookingBook";
				PRODUCT_NAME = "$(TARGET_NAME)";
				SUPPORTED_PLATFORMS = "iphoneos iphonesimulator";
				SUPPORTS_MACCATALYST = NO;
				SUPPORTS_MAC_DESIGNED_FOR_IPHONE_IPAD = NO;
				SWIFT_EMIT_LOC_STRINGS = YES;
				SWIFT_VERSION = 5.0;
				TARGETED_DEVICE_FAMILY = 1;
			};
			name = Release;
		};
/* End XCBuildConfiguration section */

/* Begin XCConfigurationList section */
		A5B046B12A9BF068004F6386 /* Build configuration list for PBXProject "CookingBook" */ = {
			isa = XCConfigurationList;
			buildConfigurations = (
				A5B046C82A9BF069004F6386 /* Debug */,
				A5B046C92A9BF069004F6386 /* Release */,
			);
			defaultConfigurationIsVisible = 0;
			defaultConfigurationName = Release;
		};
		A5B046CA2A9BF069004F6386 /* Build configuration list for PBXNativeTarget "CookingBook" */ = {
			isa = XCConfigurationList;
			buildConfigurations = (
				A5B046CB2A9BF069004F6386 /* Debug */,
				A5B046CC2A9BF069004F6386 /* Release */,
			);
			defaultConfigurationIsVisible = 0;
			defaultConfigurationName = Release;
		};
/* End XCConfigurationList section */

/* Begin XCRemoteSwiftPackageReference section */
		A5B046D92A9BF440004F6386 /* XCRemoteSwiftPackageReference "SnapKit" */ = {
			isa = XCRemoteSwiftPackageReference;
			repositoryURL = "https://github.com/SnapKit/SnapKit.git";
			requirement = {
				kind = upToNextMajorVersion;
				minimumVersion = 5.0.0;
			};
		};
/* End XCRemoteSwiftPackageReference section */

/* Begin XCSwiftPackageProductDependency section */
		A5B046DA2A9BF440004F6386 /* SnapKit */ = {
			isa = XCSwiftPackageProductDependency;
			package = A5B046D92A9BF440004F6386 /* XCRemoteSwiftPackageReference "SnapKit" */;
			productName = SnapKit;
		};
/* End XCSwiftPackageProductDependency section */
	};
	rootObject = A5B046AE2A9BF068004F6386 /* Project object */;
}
