// !$*UTF8*$!
{
	archiveVersion = 1;
	classes = {
	};
	objectVersion = 55;
	objects = {

/* Begin PBXBuildFile section */
		A5B046BA2A9BF068004F6386 /* AppDelegate.swift in Sources */ = {isa = PBXBuildFile; fileRef = A5B046B92A9BF068004F6386 /* AppDelegate.swift */; };
		A5B046BC2A9BF068004F6386 /* SceneDelegate.swift in Sources */ = {isa = PBXBuildFile; fileRef = A5B046BB2A9BF068004F6386 /* SceneDelegate.swift */; };
		A5B046C32A9BF069004F6386 /* Assets.xcassets in Resources */ = {isa = PBXBuildFile; fileRef = A5B046C22A9BF069004F6386 /* Assets.xcassets */; };
		A5B046C62A9BF069004F6386 /* LaunchScreen.storyboard in Resources */ = {isa = PBXBuildFile; fileRef = A5B046C42A9BF069004F6386 /* LaunchScreen.storyboard */; };
		A5B046D62A9BF3D5004F6386 /* StartScreenController.swift in Sources */ = {isa = PBXBuildFile; fileRef = A5B046D52A9BF3D5004F6386 /* StartScreenController.swift */; };
		A5B046D82A9BF400004F6386 /* CustomTabBar.swift in Sources */ = {isa = PBXBuildFile; fileRef = A5B046D72A9BF400004F6386 /* CustomTabBar.swift */; };
		A5B046DB2A9BF440004F6386 /* SnapKit in Frameworks */ = {isa = PBXBuildFile; productRef = A5B046DA2A9BF440004F6386 /* SnapKit */; };
		A5B046E62A9BF7B1004F6386 /* ProfileViewController.swift in Sources */ = {isa = PBXBuildFile; fileRef = A5B046E52A9BF7B1004F6386 /* ProfileViewController.swift */; };
		A5B046E82A9BF7FE004F6386 /* NotificationViewController.swift in Sources */ = {isa = PBXBuildFile; fileRef = A5B046E72A9BF7FE004F6386 /* NotificationViewController.swift */; };
		A5B046EA2A9BF84F004F6386 /* FavoritesViewController.swift in Sources */ = {isa = PBXBuildFile; fileRef = A5B046E92A9BF84F004F6386 /* FavoritesViewController.swift */; };
		E5417A842A9D17AB00AB0891 /* UIFont + Extension.swift in Sources */ = {isa = PBXBuildFile; fileRef = E5417A832A9D17AB00AB0891 /* UIFont + Extension.swift */; };
		E5417A862A9D215F00AB0891 /* UIColor + Extension.swift in Sources */ = {isa = PBXBuildFile; fileRef = E5417A852A9D215F00AB0891 /* UIColor + Extension.swift */; };
		E5E83CE12A9E1DB400F96424 /* Poppins-Regular.ttf in Resources */ = {isa = PBXBuildFile; fileRef = E5E83CE02A9E1DB400F96424 /* Poppins-Regular.ttf */; };
		E5E83CE32A9E1DCA00F96424 /* Poppins-SemiBold.ttf in Resources */ = {isa = PBXBuildFile; fileRef = E5E83CE22A9E1DCA00F96424 /* Poppins-SemiBold.ttf */; };
		E8DC70582AA8A8850026AFA2 /* RecipeInformationViewController.swift in Sources */ = {isa = PBXBuildFile; fileRef = E8DC70572AA8A8850026AFA2 /* RecipeInformationViewController.swift */; };
/* End PBXBuildFile section */

/* Begin PBXFileReference section */
		A5B046B62A9BF068004F6386 /* CookingBook.app */ = {isa = PBXFileReference; explicitFileType = wrapper.application; includeInIndex = 0; path = CookingBook.app; sourceTree = BUILT_PRODUCTS_DIR; };
		A5B046B92A9BF068004F6386 /* AppDelegate.swift */ = {isa = PBXFileReference; lastKnownFileType = sourcecode.swift; path = AppDelegate.swift; sourceTree = "<group>"; };
		A5B046BB2A9BF068004F6386 /* SceneDelegate.swift */ = {isa = PBXFileReference; lastKnownFileType = sourcecode.swift; path = SceneDelegate.swift; sourceTree = "<group>"; };
		A5B046C22A9BF069004F6386 /* Assets.xcassets */ = {isa = PBXFileReference; lastKnownFileType = folder.assetcatalog; path = Assets.xcassets; sourceTree = "<group>"; };
		A5B046C52A9BF069004F6386 /* Base */ = {isa = PBXFileReference; lastKnownFileType = file.storyboard; name = Base; path = Base.lproj/LaunchScreen.storyboard; sourceTree = "<group>"; };
		A5B046C72A9BF069004F6386 /* Info.plist */ = {isa = PBXFileReference; lastKnownFileType = text.plist.xml; path = Info.plist; sourceTree = "<group>"; };
		A5B046D52A9BF3D5004F6386 /* StartScreenController.swift */ = {isa = PBXFileReference; lastKnownFileType = sourcecode.swift; path = StartScreenController.swift; sourceTree = "<group>"; };
		A5B046D72A9BF400004F6386 /* CustomTabBar.swift */ = {isa = PBXFileReference; lastKnownFileType = sourcecode.swift; path = CustomTabBar.swift; sourceTree = "<group>"; };
		A5B046E52A9BF7B1004F6386 /* ProfileViewController.swift */ = {isa = PBXFileReference; lastKnownFileType = sourcecode.swift; path = ProfileViewController.swift; sourceTree = "<group>"; };
		A5B046E72A9BF7FE004F6386 /* NotificationViewController.swift */ = {isa = PBXFileReference; lastKnownFileType = sourcecode.swift; path = NotificationViewController.swift; sourceTree = "<group>"; };
		A5B046E92A9BF84F004F6386 /* FavoritesViewController.swift */ = {isa = PBXFileReference; lastKnownFileType = sourcecode.swift; path = FavoritesViewController.swift; sourceTree = "<group>"; };
		E5417A832A9D17AB00AB0891 /* UIFont + Extension.swift */ = {isa = PBXFileReference; lastKnownFileType = sourcecode.swift; path = "UIFont + Extension.swift"; sourceTree = "<group>"; };
		E5417A852A9D215F00AB0891 /* UIColor + Extension.swift */ = {isa = PBXFileReference; lastKnownFileType = sourcecode.swift; path = "UIColor + Extension.swift"; sourceTree = "<group>"; };
		E5E83CE02A9E1DB400F96424 /* Poppins-Regular.ttf */ = {isa = PBXFileReference; lastKnownFileType = file; path = "Poppins-Regular.ttf"; sourceTree = "<group>"; };
		E5E83CE22A9E1DCA00F96424 /* Poppins-SemiBold.ttf */ = {isa = PBXFileReference; lastKnownFileType = file; path = "Poppins-SemiBold.ttf"; sourceTree = "<group>"; };
		E8DC70572AA8A8850026AFA2 /* RecipeInformationViewController.swift */ = {isa = PBXFileReference; lastKnownFileType = sourcecode.swift; path = RecipeInformationViewController.swift; sourceTree = "<group>"; };
/* End PBXFileReference section */

/* Begin PBXFrameworksBuildPhase section */
		A5B046B32A9BF068004F6386 /* Frameworks */ = {
			isa = PBXFrameworksBuildPhase;
			buildActionMask = 2147483647;
			files = (
				A5B046DB2A9BF440004F6386 /* SnapKit in Frameworks */,
			);
			runOnlyForDeploymentPostprocessing = 0;
		};
/* End PBXFrameworksBuildPhase section */

/* Begin PBXGroup section */
		A5B046AD2A9BF068004F6386 = {
			isa = PBXGroup;
			children = (
				A5B046B82A9BF068004F6386 /* CookingBook */,
				A5B046B72A9BF068004F6386 /* Products */,
			);
			sourceTree = "<group>";
		};
		A5B046B72A9BF068004F6386 /* Products */ = {
			isa = PBXGroup;
			children = (
				A5B046B62A9BF068004F6386 /* CookingBook.app */,
			);
			name = Products;
			sourceTree = "<group>";
		};
		A5B046B82A9BF068004F6386 /* CookingBook */ = {
			isa = PBXGroup;
			children = (
				E5417A822A9D176A00AB0891 /* Extension */,
				A5B046CD2A9BF2DF004F6386 /* App */,
				A5B046CE2A9BF308004F6386 /* Resources */,
				A5B046D02A9BF33F004F6386 /* Controllers */,
			);
			path = CookingBook;
			sourceTree = "<group>";
		};
		A5B046CD2A9BF2DF004F6386 /* App */ = {
			isa = PBXGroup;
			children = (
				A5B046B92A9BF068004F6386 /* AppDelegate.swift */,
				A5B046BB2A9BF068004F6386 /* SceneDelegate.swift */,
			);
			path = App;
			sourceTree = "<group>";
		};
		A5B046CE2A9BF308004F6386 /* Resources */ = {
			isa = PBXGroup;
			children = (
				E5E83CDF2A9E1D9500F96424 /* Fonts */,
				A5B046C72A9BF069004F6386 /* Info.plist */,
				A5B046C42A9BF069004F6386 /* LaunchScreen.storyboard */,
				A5B046C22A9BF069004F6386 /* Assets.xcassets */,
			);
			path = Resources;
			sourceTree = "<group>";
		};
		A5B046CF2A9BF32B004F6386 /* StartScreen */ = {
			isa = PBXGroup;
			children = (
				A5B046D22A9BF384004F6386 /* Controller */,
				A5B046D12A9BF362004F6386 /* View */,
			);
			path = StartScreen;
			sourceTree = "<group>";
		};
		A5B046D02A9BF33F004F6386 /* Controllers */ = {
			isa = PBXGroup;
			children = (
				E8DC70562AA8A4C50026AFA2 /* RecipeInformation */,
				A5B046E22A9BF780004F6386 /* Profile */,
				A5B046DF2A9BF75A004F6386 /* Notifications */,
				A5B046DC2A9BF656004F6386 /* Favorites */,
				A5B046D42A9BF3AB004F6386 /* CustomTabBarController */,
				A5B046CF2A9BF32B004F6386 /* StartScreen */,
			);
			path = Controllers;
			sourceTree = "<group>";
		};
		A5B046D12A9BF362004F6386 /* View */ = {
			isa = PBXGroup;
			children = (
			);
			path = View;
			sourceTree = "<group>";
		};
		A5B046D22A9BF384004F6386 /* Controller */ = {
			isa = PBXGroup;
			children = (
				A5B046D52A9BF3D5004F6386 /* StartScreenController.swift */,
			);
			path = Controller;
			sourceTree = "<group>";
		};
		A5B046D42A9BF3AB004F6386 /* CustomTabBarController */ = {
			isa = PBXGroup;
			children = (
				A5B046D72A9BF400004F6386 /* CustomTabBar.swift */,
			);
			path = CustomTabBarController;
			sourceTree = "<group>";
		};
		A5B046DC2A9BF656004F6386 /* Favorites */ = {
			isa = PBXGroup;
			children = (
				A5B046DE2A9BF6C8004F6386 /* View */,
				A5B046DD2A9BF6BF004F6386 /* Controller */,
			);
			path = Favorites;
			sourceTree = "<group>";
		};
		A5B046DD2A9BF6BF004F6386 /* Controller */ = {
			isa = PBXGroup;
			children = (
				A5B046E92A9BF84F004F6386 /* FavoritesViewController.swift */,
			);
			path = Controller;
			sourceTree = "<group>";
		};
		A5B046DE2A9BF6C8004F6386 /* View */ = {
			isa = PBXGroup;
			children = (
			);
			path = View;
			sourceTree = "<group>";
		};
		A5B046DF2A9BF75A004F6386 /* Notifications */ = {
			isa = PBXGroup;
			children = (
				A5B046E12A9BF777004F6386 /* View */,
				A5B046E02A9BF76B004F6386 /* Controller */,
			);
			path = Notifications;
			sourceTree = "<group>";
		};
		A5B046E02A9BF76B004F6386 /* Controller */ = {
			isa = PBXGroup;
			children = (
				A5B046E72A9BF7FE004F6386 /* NotificationViewController.swift */,
			);
			path = Controller;
			sourceTree = "<group>";
		};
		A5B046E12A9BF777004F6386 /* View */ = {
			isa = PBXGroup;
			children = (
			);
			path = View;
			sourceTree = "<group>";
		};
		A5B046E22A9BF780004F6386 /* Profile */ = {
			isa = PBXGroup;
			children = (
				A5B046E42A9BF796004F6386 /* View */,
				A5B046E32A9BF78E004F6386 /* Controller */,
			);
			path = Profile;
			sourceTree = "<group>";
		};
		A5B046E32A9BF78E004F6386 /* Controller */ = {
			isa = PBXGroup;
			children = (
				A5B046E52A9BF7B1004F6386 /* ProfileViewController.swift */,
			);
			path = Controller;
			sourceTree = "<group>";
		};
		A5B046E42A9BF796004F6386 /* View */ = {
			isa = PBXGroup;
			children = (
			);
			path = View;
			sourceTree = "<group>";
		};
		E5417A822A9D176A00AB0891 /* Extension */ = {
			isa = PBXGroup;
			children = (
				E5417A832A9D17AB00AB0891 /* UIFont + Extension.swift */,
				E5417A852A9D215F00AB0891 /* UIColor + Extension.swift */,
			);
			path = Extension;
			sourceTree = "<group>";
		};
		E5E83CDF2A9E1D9500F96424 /* Fonts */ = {
			isa = PBXGroup;
			children = (
				E5E83CE22A9E1DCA00F96424 /* Poppins-SemiBold.ttf */,
				E5E83CE02A9E1DB400F96424 /* Poppins-Regular.ttf */,
			);
			path = Fonts;
			sourceTree = "<group>";
		};
		E8DC70562AA8A4C50026AFA2 /* RecipeInformation */ = {
			isa = PBXGroup;
			children = (
				E8DC70572AA8A8850026AFA2 /* RecipeInformationViewController.swift */,
			);
			path = RecipeInformation;
			sourceTree = "<group>";
		};
/* End PBXGroup section */

/* Begin PBXNativeTarget section */
		A5B046B52A9BF068004F6386 /* CookingBook */ = {
			isa = PBXNativeTarget;
			buildConfigurationList = A5B046CA2A9BF069004F6386 /* Build configuration list for PBXNativeTarget "CookingBook" */;
			buildPhases = (
				A5B046B22A9BF068004F6386 /* Sources */,
				A5B046B32A9BF068004F6386 /* Frameworks */,
				A5B046B42A9BF068004F6386 /* Resources */,
			);
			buildRules = (
			);
			dependencies = (
			);
			name = CookingBook;
			packageProductDependencies = (
				A5B046DA2A9BF440004F6386 /* SnapKit */,
			);
			productName = CookingBook;
			productReference = A5B046B62A9BF068004F6386 /* CookingBook.app */;
			productType = "com.apple.product-type.application";
		};
/* End PBXNativeTarget section */

/* Begin PBXProject section */
		A5B046AE2A9BF068004F6386 /* Project object */ = {
			isa = PBXProject;
			attributes = {
				BuildIndependentTargetsInParallel = 1;
				LastSwiftUpdateCheck = 1430;
				LastUpgradeCheck = 1430;
				TargetAttributes = {
					A5B046B52A9BF068004F6386 = {
						CreatedOnToolsVersion = 14.3.1;
					};
				};
			};
			buildConfigurationList = A5B046B12A9BF068004F6386 /* Build configuration list for PBXProject "CookingBook" */;
			compatibilityVersion = "Xcode 13.0";
			developmentRegion = en;
			hasScannedForEncodings = 0;
			knownRegions = (
				en,
				Base,
			);
			mainGroup = A5B046AD2A9BF068004F6386;
			packageReferences = (
				A5B046D92A9BF440004F6386 /* XCRemoteSwiftPackageReference "SnapKit" */,
			);
			productRefGroup = A5B046B72A9BF068004F6386 /* Products */;
			projectDirPath = "";
			projectRoot = "";
			targets = (
				A5B046B52A9BF068004F6386 /* CookingBook */,
			);
		};
/* End PBXProject section */

/* Begin PBXResourcesBuildPhase section */
		A5B046B42A9BF068004F6386 /* Resources */ = {
			isa = PBXResourcesBuildPhase;
			buildActionMask = 2147483647;
			files = (
				E5E83CE12A9E1DB400F96424 /* Poppins-Regular.ttf in Resources */,
				E5E83CE32A9E1DCA00F96424 /* Poppins-SemiBold.ttf in Resources */,
				A5B046C62A9BF069004F6386 /* LaunchScreen.storyboard in Resources */,
				A5B046C32A9BF069004F6386 /* Assets.xcassets in Resources */,
			);
			runOnlyForDeploymentPostprocessing = 0;
		};
/* End PBXResourcesBuildPhase section */

/* Begin PBXSourcesBuildPhase section */
		A5B046B22A9BF068004F6386 /* Sources */ = {
			isa = PBXSourcesBuildPhase;
			buildActionMask = 2147483647;
			files = (
				E5417A862A9D215F00AB0891 /* UIColor + Extension.swift in Sources */,
				A5B046BA2A9BF068004F6386 /* AppDelegate.swift in Sources */,
				A5B046D62A9BF3D5004F6386 /* StartScreenController.swift in Sources */,
				A5B046EA2A9BF84F004F6386 /* FavoritesViewController.swift in Sources */,
				A5B046E82A9BF7FE004F6386 /* NotificationViewController.swift in Sources */,
				A5B046E62A9BF7B1004F6386 /* ProfileViewController.swift in Sources */,
				A5B046D82A9BF400004F6386 /* CustomTabBar.swift in Sources */,
				A5B046BC2A9BF068004F6386 /* SceneDelegate.swift in Sources */,
				E5417A842A9D17AB00AB0891 /* UIFont + Extension.swift in Sources */,
				E8DC70582AA8A8850026AFA2 /* RecipeInformationViewController.swift in Sources */,
			);
			runOnlyForDeploymentPostprocessing = 0;
		};
/* End PBXSourcesBuildPhase section */

/* Begin PBXVariantGroup section */
		A5B046C42A9BF069004F6386 /* LaunchScreen.storyboard */ = {
			isa = PBXVariantGroup;
			children = (
				A5B046C52A9BF069004F6386 /* Base */,
			);
			name = LaunchScreen.storyboard;
			sourceTree = "<group>";
		};
/* End PBXVariantGroup section */

/* Begin XCBuildConfiguration section */
		A5B046C82A9BF069004F6386 /* Debug */ = {
			isa = XCBuildConfiguration;
			buildSettings = {
				ALWAYS_SEARCH_USER_PATHS = NO;
				CLANG_ANALYZER_NONNULL = YES;
				CLANG_ANALYZER_NUMBER_OBJECT_CONVERSION = YES_AGGRESSIVE;
				CLANG_CXX_LANGUAGE_STANDARD = "gnu++20";
				CLANG_ENABLE_MODULES = YES;
				CLANG_ENABLE_OBJC_ARC = YES;
				CLANG_ENABLE_OBJC_WEAK = YES;
				CLANG_WARN_BLOCK_CAPTURE_AUTORELEASING = YES;
				CLANG_WARN_BOOL_CONVERSION = YES;
				CLANG_WARN_COMMA = YES;
				CLANG_WARN_CONSTANT_CONVERSION = YES;
				CLANG_WARN_DEPRECATED_OBJC_IMPLEMENTATIONS = YES;
				CLANG_WARN_DIRECT_OBJC_ISA_USAGE = YES_ERROR;
				CLANG_WARN_DOCUMENTATION_COMMENTS = YES;
				CLANG_WARN_EMPTY_BODY = YES;
				CLANG_WARN_ENUM_CONVERSION = YES;
				CLANG_WARN_INFINITE_RECURSION = YES;
				CLANG_WARN_INT_CONVERSION = YES;
				CLANG_WARN_NON_LITERAL_NULL_CONVERSION = YES;
				CLANG_WARN_OBJC_IMPLICIT_RETAIN_SELF = YES;
				CLANG_WARN_OBJC_LITERAL_CONVERSION = YES;
				CLANG_WARN_OBJC_ROOT_CLASS = YES_ERROR;
				CLANG_WARN_QUOTED_INCLUDE_IN_FRAMEWORK_HEADER = YES;
				CLANG_WARN_RANGE_LOOP_ANALYSIS = YES;
				CLANG_WARN_STRICT_PROTOTYPES = YES;
				CLANG_WARN_SUSPICIOUS_MOVE = YES;
				CLANG_WARN_UNGUARDED_AVAILABILITY = YES_AGGRESSIVE;
				CLANG_WARN_UNREACHABLE_CODE = YES;
				CLANG_WARN__DUPLICATE_METHOD_MATCH = YES;
				COPY_PHASE_STRIP = NO;
				DEBUG_INFORMATION_FORMAT = dwarf;
				ENABLE_STRICT_OBJC_MSGSEND = YES;
				ENABLE_TESTABILITY = YES;
				GCC_C_LANGUAGE_STANDARD = gnu11;
				GCC_DYNAMIC_NO_PIC = NO;
				GCC_NO_COMMON_BLOCKS = YES;
				GCC_OPTIMIZATION_LEVEL = 0;
				GCC_PREPROCESSOR_DEFINITIONS = (
					"DEBUG=1",
					"$(inherited)",
				);
				GCC_WARN_64_TO_32_BIT_CONVERSION = YES;
				GCC_WARN_ABOUT_RETURN_TYPE = YES_ERROR;
				GCC_WARN_UNDECLARED_SELECTOR = YES;
				GCC_WARN_UNINITIALIZED_AUTOS = YES_AGGRESSIVE;
				GCC_WARN_UNUSED_FUNCTION = YES;
				GCC_WARN_UNUSED_VARIABLE = YES;
				IPHONEOS_DEPLOYMENT_TARGET = 16.4;
				MTL_ENABLE_DEBUG_INFO = INCLUDE_SOURCE;
				MTL_FAST_MATH = YES;
				ONLY_ACTIVE_ARCH = YES;
				SDKROOT = iphoneos;
				SWIFT_ACTIVE_COMPILATION_CONDITIONS = DEBUG;
				SWIFT_OPTIMIZATION_LEVEL = "-Onone";
			};
			name = Debug;
		};
		A5B046C92A9BF069004F6386 /* Release */ = {
			isa = XCBuildConfiguration;
			buildSettings = {
				ALWAYS_SEARCH_USER_PATHS = NO;
				CLANG_ANALYZER_NONNULL = YES;
				CLANG_ANALYZER_NUMBER_OBJECT_CONVERSION = YES_AGGRESSIVE;
				CLANG_CXX_LANGUAGE_STANDARD = "gnu++20";
				CLANG_ENABLE_MODULES = YES;
				CLANG_ENABLE_OBJC_ARC = YES;
				CLANG_ENABLE_OBJC_WEAK = YES;
				CLANG_WARN_BLOCK_CAPTURE_AUTORELEASING = YES;
				CLANG_WARN_BOOL_CONVERSION = YES;
				CLANG_WARN_COMMA = YES;
				CLANG_WARN_CONSTANT_CONVERSION = YES;
				CLANG_WARN_DEPRECATED_OBJC_IMPLEMENTATIONS = YES;
				CLANG_WARN_DIRECT_OBJC_ISA_USAGE = YES_ERROR;
				CLANG_WARN_DOCUMENTATION_COMMENTS = YES;
				CLANG_WARN_EMPTY_BODY = YES;
				CLANG_WARN_ENUM_CONVERSION = YES;
				CLANG_WARN_INFINITE_RECURSION = YES;
				CLANG_WARN_INT_CONVERSION = YES;
				CLANG_WARN_NON_LITERAL_NULL_CONVERSION = YES;
				CLANG_WARN_OBJC_IMPLICIT_RETAIN_SELF = YES;
				CLANG_WARN_OBJC_LITERAL_CONVERSION = YES;
				CLANG_WARN_OBJC_ROOT_CLASS = YES_ERROR;
				CLANG_WARN_QUOTED_INCLUDE_IN_FRAMEWORK_HEADER = YES;
				CLANG_WARN_RANGE_LOOP_ANALYSIS = YES;
				CLANG_WARN_STRICT_PROTOTYPES = YES;
				CLANG_WARN_SUSPICIOUS_MOVE = YES;
				CLANG_WARN_UNGUARDED_AVAILABILITY = YES_AGGRESSIVE;
				CLANG_WARN_UNREACHABLE_CODE = YES;
				CLANG_WARN__DUPLICATE_METHOD_MATCH = YES;
				COPY_PHASE_STRIP = NO;
				DEBUG_INFORMATION_FORMAT = "dwarf-with-dsym";
				ENABLE_NS_ASSERTIONS = NO;
				ENABLE_STRICT_OBJC_MSGSEND = YES;
				GCC_C_LANGUAGE_STANDARD = gnu11;
				GCC_NO_COMMON_BLOCKS = YES;
				GCC_WARN_64_TO_32_BIT_CONVERSION = YES;
				GCC_WARN_ABOUT_RETURN_TYPE = YES_ERROR;
				GCC_WARN_UNDECLARED_SELECTOR = YES;
				GCC_WARN_UNINITIALIZED_AUTOS = YES_AGGRESSIVE;
				GCC_WARN_UNUSED_FUNCTION = YES;
				GCC_WARN_UNUSED_VARIABLE = YES;
				IPHONEOS_DEPLOYMENT_TARGET = 16.4;
				MTL_ENABLE_DEBUG_INFO = NO;
				MTL_FAST_MATH = YES;
				SDKROOT = iphoneos;
				SWIFT_COMPILATION_MODE = wholemodule;
				SWIFT_OPTIMIZATION_LEVEL = "-O";
				VALIDATE_PRODUCT = YES;
			};
			name = Release;
		};
		A5B046CB2A9BF069004F6386 /* Debug */ = {
			isa = XCBuildConfiguration;
			buildSettings = {
				ASSETCATALOG_COMPILER_APPICON_NAME = AppIcon;
				ASSETCATALOG_COMPILER_GLOBAL_ACCENT_COLOR_NAME = AccentColor;
				CODE_SIGN_STYLE = Automatic;
				CURRENT_PROJECT_VERSION = 1;
				DEVELOPMENT_TEAM = TWQL7PLAUC;
				GENERATE_INFOPLIST_FILE = YES;
				INFOPLIST_FILE = CookingBook/Resources/Info.plist;
				INFOPLIST_KEY_UIApplicationSupportsIndirectInputEvents = YES;
				INFOPLIST_KEY_UILaunchStoryboardName = LaunchScreen;
				INFOPLIST_KEY_UISupportedInterfaceOrientations = UIInterfaceOrientationPortrait;
				INFOPLIST_KEY_UISupportedInterfaceOrientations_iPad = "UIInterfaceOrientationLandscapeLeft UIInterfaceOrientationLandscapeRight UIInterfaceOrientationPortrait UIInterfaceOrientationPortraitUpsideDown";
				IPHONEOS_DEPLOYMENT_TARGET = 15.0;
				LD_RUNPATH_SEARCH_PATHS = (
					"$(inherited)",
					"@executable_path/Frameworks",
				);
				MARKETING_VERSION = 1.0;
				PRODUCT_BUNDLE_IDENTIFIER = "zvontsov-adadigital.ru.CookingBook";
				PRODUCT_NAME = "$(TARGET_NAME)";
				SUPPORTED_PLATFORMS = "iphoneos iphonesimulator";
				SUPPORTS_MACCATALYST = NO;
				SUPPORTS_MAC_DESIGNED_FOR_IPHONE_IPAD = NO;
				SWIFT_EMIT_LOC_STRINGS = YES;
				SWIFT_VERSION = 5.0;
				TARGETED_DEVICE_FAMILY = 1;
			};
			name = Debug;
		};
		A5B046CC2A9BF069004F6386 /* Release */ = {
			isa = XCBuildConfiguration;
			buildSettings = {
				ASSETCATALOG_COMPILER_APPICON_NAME = AppIcon;
				ASSETCATALOG_COMPILER_GLOBAL_ACCENT_COLOR_NAME = AccentColor;
				CODE_SIGN_STYLE = Automatic;
				CURRENT_PROJECT_VERSION = 1;
				DEVELOPMENT_TEAM = TWQL7PLAUC;
				GENERATE_INFOPLIST_FILE = YES;
				INFOPLIST_FILE = CookingBook/Resources/Info.plist;
				INFOPLIST_KEY_UIApplicationSupportsIndirectInputEvents = YES;
				INFOPLIST_KEY_UILaunchStoryboardName = LaunchScreen;
				INFOPLIST_KEY_UISupportedInterfaceOrientations = UIInterfaceOrientationPortrait;
				INFOPLIST_KEY_UISupportedInterfaceOrientations_iPad = "UIInterfaceOrientationLandscapeLeft UIInterfaceOrientationLandscapeRight UIInterfaceOrientationPortrait UIInterfaceOrientationPortraitUpsideDown";
				IPHONEOS_DEPLOYMENT_TARGET = 15.0;
				LD_RUNPATH_SEARCH_PATHS = (
					"$(inherited)",
					"@executable_path/Frameworks",
				);
				MARKETING_VERSION = 1.0;
				PRODUCT_BUNDLE_IDENTIFIER = "zvontsov-adadigital.ru.CookingBook";
				PRODUCT_NAME = "$(TARGET_NAME)";
				SUPPORTED_PLATFORMS = "iphoneos iphonesimulator";
				SUPPORTS_MACCATALYST = NO;
				SUPPORTS_MAC_DESIGNED_FOR_IPHONE_IPAD = NO;
				SWIFT_EMIT_LOC_STRINGS = YES;
				SWIFT_VERSION = 5.0;
				TARGETED_DEVICE_FAMILY = 1;
			};
			name = Release;
		};
/* End XCBuildConfiguration section */

/* Begin XCConfigurationList section */
		A5B046B12A9BF068004F6386 /* Build configuration list for PBXProject "CookingBook" */ = {
			isa = XCConfigurationList;
			buildConfigurations = (
				A5B046C82A9BF069004F6386 /* Debug */,
				A5B046C92A9BF069004F6386 /* Release */,
			);
			defaultConfigurationIsVisible = 0;
			defaultConfigurationName = Release;
		};
		A5B046CA2A9BF069004F6386 /* Build configuration list for PBXNativeTarget "CookingBook" */ = {
			isa = XCConfigurationList;
			buildConfigurations = (
				A5B046CB2A9BF069004F6386 /* Debug */,
				A5B046CC2A9BF069004F6386 /* Release */,
			);
			defaultConfigurationIsVisible = 0;
			defaultConfigurationName = Release;
		};
/* End XCConfigurationList section */

/* Begin XCRemoteSwiftPackageReference section */
		A5B046D92A9BF440004F6386 /* XCRemoteSwiftPackageReference "SnapKit" */ = {
			isa = XCRemoteSwiftPackageReference;
			repositoryURL = "https://github.com/SnapKit/SnapKit.git";
			requirement = {
				kind = upToNextMajorVersion;
				minimumVersion = 5.0.0;
			};
		};
/* End XCRemoteSwiftPackageReference section */

/* Begin XCSwiftPackageProductDependency section */
		A5B046DA2A9BF440004F6386 /* SnapKit */ = {
			isa = XCSwiftPackageProductDependency;
			package = A5B046D92A9BF440004F6386 /* XCRemoteSwiftPackageReference "SnapKit" */;
			productName = SnapKit;
		};
/* End XCSwiftPackageProductDependency section */
	};
	rootObject = A5B046AE2A9BF068004F6386 /* Project object */;
}
